
Microsoft Visual Studio Solution File, Format Version 12.00
# Visual Studio Version 17
VisualStudioVersion = 17.2.32526.322
MinimumVisualStudioVersion = 10.0.40219.1
Project("{FAE04EC0-301F-11D3-BF4B-00C04F79EFBC}") = "Practical_5_5_2_ConsoleApp1", "Practical_5_5_2_ConsoleApp1\Practical_5_5_2_ConsoleApp1.csproj", "{817E4538-DC06-4AF5-A675-E46013B9101D}"
EndProject
Global
	GlobalSection(SolutionConfigurationPlatforms) = preSolution
		Debug|Any CPU = Debug|Any CPU
		Release|Any CPU = Release|Any CPU
	EndGlobalSection
	GlobalSection(ProjectConfigurationPlatforms) = postSolution
		{817E4538-DC06-4AF5-A675-E46013B9101D}.Debug|Any CPU.ActiveCfg = Debug|Any CPU
		{817E4538-DC06-4AF5-A675-E46013B9101D}.Debug|Any CPU.Build.0 = Debug|Any CPU
		{817E4538-DC06-4AF5-A675-E46013B9101D}.Release|Any CPU.ActiveCfg = Release|Any CPU
		{817E4538-DC06-4AF5-A675-E46013B9101D}.Release|Any CPU.Build.0 = Release|Any CPU
	EndGlobalSection
	GlobalSection(SolutionProperties) = preSolution
		HideSolutionNode = FALSE
	EndGlobalSection
	GlobalSection(ExtensibilityGlobals) = postSolution
		SolutionGuid = {96FFADB2-5FA1-4673-9A9A-63C493C81899}
	EndGlobalSection
EndGlobal
